{
  "requires": true,
  "lockfileVersion": 1,
  "dependencies": {
    "gridstack": {
      "version": "3.3.0",
      "resolved": "https://registry.npmjs.org/gridstack/-/gridstack-3.3.0.tgz",
      "integrity": "sha512-xF8EF/CvUYRSaq0KRHA6ROHRuAxObqAVByBLyZfOPWOJBJTbg5GvPUj8HABEBYZWKxQeFkONcZwNflZLhHEi4g=="
    }
  }
}
